
Microsoft Visual Studio Solution File, Format Version 12.00
# Visual Studio Version 16
VisualStudioVersion = 16.0.31129.286
MinimumVisualStudioVersion = 10.0.40219.1
Project("{9A19103F-16F7-4668-BE54-9A1E7A4F7556}") = "Healthy.Api", "Healthy.Api\Healthy.Api.csproj", "{5504C701-3BE8-4AE3-AC57-DEF6099C949F}"
EndProject
Project("{9A19103F-16F7-4668-BE54-9A1E7A4F7556}") = "Healthy.Api.Tests", "Healthy.Api.Tests\Healthy.Api.Tests.csproj", "{C915B0EA-D8F1-45B8-9C87-BDA04C40A470}"
EndProject
Project("{9A19103F-16F7-4668-BE54-9A1E7A4F7556}") = "Healthy.Business", "Healthy.Business\Healthy.Business.csproj", "{6800FBF9-0B73-4E46-962B-1AFC8A189CD2}"
EndProject
Project("{9A19103F-16F7-4668-BE54-9A1E7A4F7556}") = "Healthy.Data", "Healthy.Data\Healthy.Data.csproj", "{E606D969-7AA0-4545-84FF-62313514A65C}"
EndProject
Project("{2150E333-8FDC-42A3-9474-1A3956D46DE8}") = "Solution Items", "Solution Items", "{DD7E8A52-26DD-4537-B436-84A11D9EA945}"
	ProjectSection(SolutionItems) = preProject
		.editorconfig = .editorconfig
	EndProjectSection
EndProject
Global
	GlobalSection(SolutionConfigurationPlatforms) = preSolution
		Debug|Any CPU = Debug|Any CPU
		Release|Any CPU = Release|Any CPU
	EndGlobalSection
	GlobalSection(ProjectConfigurationPlatforms) = postSolution
		{5504C701-3BE8-4AE3-AC57-DEF6099C949F}.Debug|Any CPU.ActiveCfg = Debug|Any CPU
		{5504C701-3BE8-4AE3-AC57-DEF6099C949F}.Debug|Any CPU.Build.0 = Debug|Any CPU
		{5504C701-3BE8-4AE3-AC57-DEF6099C949F}.Release|Any CPU.ActiveCfg = Release|Any CPU
		{5504C701-3BE8-4AE3-AC57-DEF6099C949F}.Release|Any CPU.Build.0 = Release|Any CPU
		{C915B0EA-D8F1-45B8-9C87-BDA04C40A470}.Debug|Any CPU.ActiveCfg = Debug|Any CPU
		{C915B0EA-D8F1-45B8-9C87-BDA04C40A470}.Debug|Any CPU.Build.0 = Debug|Any CPU
		{C915B0EA-D8F1-45B8-9C87-BDA04C40A470}.Release|Any CPU.ActiveCfg = Release|Any CPU
		{C915B0EA-D8F1-45B8-9C87-BDA04C40A470}.Release|Any CPU.Build.0 = Release|Any CPU
		{6800FBF9-0B73-4E46-962B-1AFC8A189CD2}.Debug|Any CPU.ActiveCfg = Debug|Any CPU
		{6800FBF9-0B73-4E46-962B-1AFC8A189CD2}.Debug|Any CPU.Build.0 = Debug|Any CPU
		{6800FBF9-0B73-4E46-962B-1AFC8A189CD2}.Release|Any CPU.ActiveCfg = Release|Any CPU
		{6800FBF9-0B73-4E46-962B-1AFC8A189CD2}.Release|Any CPU.Build.0 = Release|Any CPU
		{E606D969-7AA0-4545-84FF-62313514A65C}.Debug|Any CPU.ActiveCfg = Debug|Any CPU
		{E606D969-7AA0-4545-84FF-62313514A65C}.Debug|Any CPU.Build.0 = Debug|Any CPU
		{E606D969-7AA0-4545-84FF-62313514A65C}.Release|Any CPU.ActiveCfg = Release|Any CPU
		{E606D969-7AA0-4545-84FF-62313514A65C}.Release|Any CPU.Build.0 = Release|Any CPU
	EndGlobalSection
	GlobalSection(SolutionProperties) = preSolution
		HideSolutionNode = FALSE
	EndGlobalSection
	GlobalSection(ExtensibilityGlobals) = postSolution
		SolutionGuid = {D5F41485-3EA4-40C5-A21D-76D3F2CFB706}
	EndGlobalSection
EndGlobal
